<?xml version="1.0" encoding="utf-8"?>
<Project ToolsVersion="4.0" xmlns="http://schemas.microsoft.com/developer/msbuild/2003">
  <ItemGroup>
    <Filter Include="源文件">
      <UniqueIdentifier>{4FC737F1-C7A5-4376-A066-2A32D752A2FF}</UniqueIdentifier>
      <Extensions>cpp;c;cc;cxx;c++;cppm;ixx;def;odl;idl;hpj;bat;asm;asmx</Extensions>
    </Filter>
    <Filter Include="头文件">
      <UniqueIdentifier>{93995380-89BD-4b04-88EB-625FBE52EBFB}</UniqueIdentifier>
      <Extensions>h;hh;hpp;hxx;h++;hm;inl;inc;ipp;xsd</Extensions>
    </Filter>
    <Filter Include="src">
      <UniqueIdentifier>{1d8c1b08-13e3-459c-8f84-5fcf37704b74}</UniqueIdentifier>
    </Filter>
    <Filter Include="include">
      <UniqueIdentifier>{ec274af8-6d97-41a6-bee9-af892af1c691}</UniqueIdentifier>
    </Filter>
  </ItemGroup>
  <ItemGroup>
    <ClInclude Include="framework.h">
      <Filter>头文件</Filter>
    </ClInclude>
    <ClInclude Include="targetver.h">
      <Filter>头文件</Filter>
    </ClInclude>
    <ClInclude Include="Resource.h">
      <Filter>头文件</Filter>
    </ClInclude>
    <ClInclude Include="..\src\Emulator.h">
      <Filter>src</Filter>
    </ClInclude>
    <ClInclude Include="..\include\glad\glad.h">
      <Filter>src</Filter>
    </ClInclude>
    <ClInclude Include="NESpEmulator.h">
      <Filter>头文件</Filter>
    </ClInclude>
    <ClInclude Include="..\src\audio_maker\AudioMaker.h">
      <Filter>include</Filter>
    </ClInclude>
    <ClInclude Include="..\src\glad\glad.h">
      <Filter>include</Filter>
    </ClInclude>
    <ClInclude Include="..\src\mbedtls\md.h">
      <Filter>include</Filter>
    </ClInclude>
    <ClInclude Include="..\src\mbedtls\platform_time.h">
      <Filter>include</Filter>
    </ClInclude>
    <ClInclude Include="..\src\mbedtls\platform_util.h">
      <Filter>include</Filter>
    </ClInclude>
    <ClInclude Include="..\src\mbedtls\private_access.h">
      <Filter>include</Filter>
    </ClInclude>
    <ClInclude Include="..\src\mbedtls\sha256.h">
      <Filter>include</Filter>
    </ClInclude>
    <ClInclude Include="..\src\mbedtls\build_info.h">
      <Filter>include</Filter>
    </ClInclude>
    <ClInclude Include="..\src\mbedtls\check_config.h">
      <Filter>include</Filter>
    </ClInclude>
    <ClInclude Include="..\src\mbedtls\config_psa.h">
      <Filter>include</Filter>
    </ClInclude>
    <ClInclude Include="..\src\mbedtls\mbedtls_config.h">
      <Filter>include</Filter>
    </ClInclude>
    <ClInclude Include="..\src\nes\PPU.h">
      <Filter>include</Filter>
    </ClInclude>
    <ClInclude Include="..\src\nes\APU.h">
      <Filter>include</Filter>
    </ClInclude>
    <ClInclude Include="..\src\nes\Bus.h">
      <Filter>include</Filter>
    </ClInclude>
    <ClInclude Include="..\src\nes\Cartridge.h">
      <Filter>include</Filter>
    </ClInclude>
    <ClInclude Include="..\src\nes\CPU.h">
      <Filter>include</Filter>
    </ClInclude>
    <ClInclude Include="..\src\nes\Joypad.h">
      <Filter>include</Filter>
    </ClInclude>
    <ClInclude Include="..\src\nes\literals.h">
      <Filter>include</Filter>
    </ClInclude>
    <ClInclude Include="..\src\nes\Mapper.h">
      <Filter>include</Filter>
    </ClInclude>
    <ClInclude Include="..\src\nes\Mirroring.h">
      <Filter>include</Filter>
    </ClInclude>
    <ClInclude Include="..\src\nes\NesFile.h">
      <Filter>include</Filter>
    </ClInclude>
    <ClInclude Include="..\src\nes\Mapper\Mapper4.h">
      <Filter>include</Filter>
    </ClInclude>
    <ClInclude Include="..\src\nes\Mapper\Mapper0.h">
      <Filter>include</Filter>
    </ClInclude>
    <ClInclude Include="..\src\nes\Mapper\Mapper1.h">
      <Filter>include</Filter>
    </ClInclude>
    <ClInclude Include="..\src\nes\Mapper\Mapper2.h">
      <Filter>include</Filter>
    </ClInclude>
    <ClInclude Include="..\src\nes\Mapper\Mapper3.h">
      <Filter>include</Filter>
    </ClInclude>
    <ClInclude Include="..\src\nes\APU\Triangle.h">
      <Filter>include</Filter>
    </ClInclude>
    <ClInclude Include="..\src\nes\APU\DMC.h">
      <Filter>include</Filter>
    </ClInclude>
    <ClInclude Include="..\src\nes\APU\Envelope.h">
      <Filter>include</Filter>
    </ClInclude>
    <ClInclude Include="..\src\nes\APU\LengthCounter.h">
      <Filter>include</Filter>
    </ClInclude>
    <ClInclude Include="..\src\nes\APU\Noise.h">
      <Filter>include</Filter>
    </ClInclude>
    <ClInclude Include="..\src\nes\APU\Pulse.h">
      <Filter>include</Filter>
    </ClInclude>
    <ClInclude Include="..\src\nes\APU\StatusRegister.h">
      <Filter>include</Filter>
    </ClInclude>
    <ClInclude Include="..\src\nes\APU\Sweep.h">
      <Filter>include</Filter>
    </ClInclude>
    <ClInclude Include="..\src\nes\APU\Timer.h">
      <Filter>include</Filter>
    </ClInclude>
    <ClInclude Include="..\src\pixel_engine\TaskQueue.h">
      <Filter>include</Filter>
    </ClInclude>
    <ClInclude Include="..\src\pixel_engine\Texture.h">
      <Filter>include</Filter>
    </ClInclude>
    <ClInclude Include="..\src\pixel_engine\VAO.h">
      <Filter>include</Filter>
    </ClInclude>
    <ClInclude Include="..\src\pixel_engine\VBO.h">
      <Filter>include</Filter>
    </ClInclude>
    <ClInclude Include="..\src\pixel_engine\EBO.h">
      <Filter>include</Filter>
    </ClInclude>
    <ClInclude Include="..\src\pixel_engine\Pixel.h">
      <Filter>include</Filter>
    </ClInclude>
    <ClInclude Include="..\src\pixel_engine\PixelEngine.h">
      <Filter>include</Filter>
    </ClInclude>
    <ClInclude Include="..\src\pixel_engine\Shader.h">
      <Filter>include</Filter>
    </ClInclude>
    <ClInclude Include="..\src\myspan.h">
      <Filter>头文件</Filter>
    </ClInclude>
    <ClInclude Include="..\src\mystring_view.h">
      <Filter>头文件</Filter>
    </ClInclude>
  </ItemGroup>
  <ItemGroup>
    <ClCompile Include="..\src\main.cpp">
      <Filter>src</Filter>
    </ClCompile>
    <ClCompile Include="..\src\Emulator.cpp">
      <Filter>src</Filter>
    </ClCompile>
    <ClCompile Include="..\src\pixel_engine\TaskQueue.cpp">
      <Filter>src</Filter>
    </ClCompile>
    <ClCompile Include="..\src\pixel_engine\Pixel.cpp">
      <Filter>src</Filter>
    </ClCompile>
    <ClCompile Include="..\src\pixel_engine\PixelEngine.cpp">
      <Filter>src</Filter>
    </ClCompile>
    <ClCompile Include="..\src\nes\Bus.cpp">
      <Filter>src</Filter>
    </ClCompile>
    <ClCompile Include="..\src\nes\Cartridge.cpp">
      <Filter>src</Filter>
    </ClCompile>
    <ClCompile Include="..\src\nes\CPU.cpp">
      <Filter>src</Filter>
    </ClCompile>
    <ClCompile Include="..\src\nes\Joypad.cpp">
      <Filter>src</Filter>
    </ClCompile>
    <ClCompile Include="..\src\nes\literals.cpp">
      <Filter>src</Filter>
    </ClCompile>
    <ClCompile Include="..\src\nes\Mapper.cpp">
      <Filter>src</Filter>
    </ClCompile>
    <ClCompile Include="..\src\nes\Mirroring.cpp">
      <Filter>src</Filter>
    </ClCompile>
    <ClCompile Include="..\src\nes\NesFile.cpp">
      <Filter>src</Filter>
    </ClCompile>
    <ClCompile Include="..\src\nes\PPU.cpp">
      <Filter>src</Filter>
    </ClCompile>
    <ClCompile Include="..\src\nes\APU.cpp">
      <Filter>src</Filter>
    </ClCompile>
    <ClCompile Include="..\src\audio_maker\AudioMaker.cpp">
      <Filter>src</Filter>
    </ClCompile>
    <ClCompile Include="..\src\nes\APU\Pulse.cpp">
      <Filter>src</Filter>
    </ClCompile>
    <ClCompile Include="..\src\nes\APU\StatusRegister.cpp">
      <Filter>src</Filter>
    </ClCompile>
    <ClCompile Include="..\src\nes\APU\Sweep.cpp">
      <Filter>src</Filter>
    </ClCompile>
    <ClCompile Include="..\src\nes\APU\Timer.cpp">
      <Filter>src</Filter>
    </ClCompile>
    <ClCompile Include="..\src\nes\APU\Triangle.cpp">
      <Filter>src</Filter>
    </ClCompile>
    <ClCompile Include="..\src\nes\APU\DMC.cpp">
      <Filter>src</Filter>
    </ClCompile>
    <ClCompile Include="..\src\nes\APU\Envelope.cpp">
      <Filter>src</Filter>
    </ClCompile>
    <ClCompile Include="..\src\nes\APU\LengthCounter.cpp">
      <Filter>src</Filter>
    </ClCompile>
    <ClCompile Include="..\src\nes\APU\Noise.cpp">
      <Filter>src</Filter>
    </ClCompile>
    <ClCompile Include="..\src\nes\Mapper\Mapper2.cpp">
      <Filter>src</Filter>
    </ClCompile>
    <ClCompile Include="..\src\nes\Mapper\Mapper3.cpp">
      <Filter>src</Filter>
    </ClCompile>
    <ClCompile Include="..\src\nes\Mapper\Mapper4.cpp">
      <Filter>src</Filter>
    </ClCompile>
    <ClCompile Include="..\src\nes\Mapper\Mapper0.cpp">
      <Filter>src</Filter>
    </ClCompile>
    <ClCompile Include="..\src\nes\Mapper\Mapper1.cpp">
      <Filter>src</Filter>
    </ClCompile>
    <ClCompile Include="..\src\mbedtls.cpp">
      <Filter>src</Filter>
    </ClCompile>
    <ClCompile Include="NESpEmulator.cpp">
      <Filter>源文件</Filter>
    </ClCompile>
  </ItemGroup>
</Project>